// !$*UTF8*$!
{
	archiveVersion = 1;
	classes = {
	};
	objectVersion = 46;
	objects = {

/* Begin PBXBuildFile section */
		2F5916FF1BEFF1C10076F624 /* AppDelegate.swift in Sources */ = {isa = PBXBuildFile; fileRef = 2F5916FE1BEFF1C10076F624 /* AppDelegate.swift */; };
		2F5917011BEFF1C10076F624 /* ViewController.swift in Sources */ = {isa = PBXBuildFile; fileRef = 2F5917001BEFF1C10076F624 /* ViewController.swift */; };
		2F5917041BEFF1C10076F624 /* Main.storyboard in Resources */ = {isa = PBXBuildFile; fileRef = 2F5917021BEFF1C10076F624 /* Main.storyboard */; };
		2F5917061BEFF1C10076F624 /* Assets.xcassets in Resources */ = {isa = PBXBuildFile; fileRef = 2F5917051BEFF1C10076F624 /* Assets.xcassets */; };
		2F5917091BEFF1C10076F624 /* LaunchScreen.storyboard in Resources */ = {isa = PBXBuildFile; fileRef = 2F5917071BEFF1C10076F624 /* LaunchScreen.storyboard */; };
		2F5917141BEFF1C10076F624 /* SampleCheckOfKnowledgeTests.swift in Sources */ = {isa = PBXBuildFile; fileRef = 2F5917131BEFF1C10076F624 /* SampleCheckOfKnowledgeTests.swift */; };
		2F59171F1BEFF1C10076F624 /* SampleCheckOfKnowledgeUITests.swift in Sources */ = {isa = PBXBuildFile; fileRef = 2F59171E1BEFF1C10076F624 /* SampleCheckOfKnowledgeUITests.swift */; };
/* End PBXBuildFile section */

/* Begin PBXContainerItemProxy section */
		2F5917101BEFF1C10076F624 /* PBXContainerItemProxy */ = {
			isa = PBXContainerItemProxy;
			containerPortal = 2F5916F31BEFF1C10076F624 /* Project object */;
			proxyType = 1;
			remoteGlobalIDString = 2F5916FA1BEFF1C10076F624;
			remoteInfo = SampleCheckOfKnowledge;
		};
		2F59171B1BEFF1C10076F624 /* PBXContainerItemProxy */ = {
			isa = PBXContainerItemProxy;
			containerPortal = 2F5916F31BEFF1C10076F624 /* Project object */;
			proxyType = 1;
			remoteGlobalIDString = 2F5916FA1BEFF1C10076F624;
			remoteInfo = SampleCheckOfKnowledge;
		};
/* End PBXContainerItemProxy section */

/* Begin PBXFileReference section */
		2F5916FB1BEFF1C10076F624 /* SampleCheckOfKnowledge.app */ = {isa = PBXFileReference; explicitFileType = wrapper.application; includeInIndex = 0; path = SampleCheckOfKnowledge.app; sourceTree = BUILT_PRODUCTS_DIR; };
		2F5916FE1BEFF1C10076F624 /* AppDelegate.swift */ = {isa = PBXFileReference; lastKnownFileType = sourcecode.swift; path = AppDelegate.swift; sourceTree = "<group>"; };
		2F5917001BEFF1C10076F624 /* ViewController.swift */ = {isa = PBXFileReference; lastKnownFileType = sourcecode.swift; path = ViewController.swift; sourceTree = "<group>"; };
		2F5917031BEFF1C10076F624 /* Base */ = {isa = PBXFileReference; lastKnownFileType = file.storyboard; name = Base; path = Base.lproj/Main.storyboard; sourceTree = "<group>"; };
		2F5917051BEFF1C10076F624 /* Assets.xcassets */ = {isa = PBXFileReference; lastKnownFileType = folder.assetcatalog; path = Assets.xcassets; sourceTree = "<group>"; };
		2F5917081BEFF1C10076F624 /* Base */ = {isa = PBXFileReference; lastKnownFileType = file.storyboard; name = Base; path = Base.lproj/LaunchScreen.storyboard; sourceTree = "<group>"; };
		2F59170A1BEFF1C10076F624 /* Info.plist */ = {isa = PBXFileReference; lastKnownFileType = text.plist.xml; path = Info.plist; sourceTree = "<group>"; };
		2F59170F1BEFF1C10076F624 /* SampleCheckOfKnowledgeTests.xctest */ = {isa = PBXFileReference; explicitFileType = wrapper.cfbundle; includeInIndex = 0; path = SampleCheckOfKnowledgeTests.xctest; sourceTree = BUILT_PRODUCTS_DIR; };
		2F5917131BEFF1C10076F624 /* SampleCheckOfKnowledgeTests.swift */ = {isa = PBXFileReference; lastKnownFileType = sourcecode.swift; path = SampleCheckOfKnowledgeTests.swift; sourceTree = "<group>"; };
		2F5917151BEFF1C10076F624 /* Info.plist */ = {isa = PBXFileReference; lastKnownFileType = text.plist.xml; path = Info.plist; sourceTree = "<group>"; };
		2F59171A1BEFF1C10076F624 /* SampleCheckOfKnowledgeUITests.xctest */ = {isa = PBXFileReference; explicitFileType = wrapper.cfbundle; includeInIndex = 0; path = SampleCheckOfKnowledgeUITests.xctest; sourceTree = BUILT_PRODUCTS_DIR; };
		2F59171E1BEFF1C10076F624 /* SampleCheckOfKnowledgeUITests.swift */ = {isa = PBXFileReference; lastKnownFileType = sourcecode.swift; path = SampleCheckOfKnowledgeUITests.swift; sourceTree = "<group>"; };
		2F5917201BEFF1C10076F624 /* Info.plist */ = {isa = PBXFileReference; lastKnownFileType = text.plist.xml; path = Info.plist; sourceTree = "<group>"; };
/* End PBXFileReference section */

/* Begin PBXFrameworksBuildPhase section */
		2F5916F81BEFF1C10076F624 /* Frameworks */ = {
			isa = PBXFrameworksBuildPhase;
			buildActionMask = 2147483647;
			files = (
			);
			runOnlyForDeploymentPostprocessing = 0;
		};
		2F59170C1BEFF1C10076F624 /* Frameworks */ = {
			isa = PBXFrameworksBuildPhase;
			buildActionMask = 2147483647;
			files = (
			);
			runOnlyForDeploymentPostprocessing = 0;
		};
		2F5917171BEFF1C10076F624 /* Frameworks */ = {
			isa = PBXFrameworksBuildPhase;
			buildActionMask = 2147483647;
			files = (
			);
			runOnlyForDeploymentPostprocessing = 0;
		};
/* End PBXFrameworksBuildPhase section */

/* Begin PBXGroup section */
		2F5916F21BEFF1C10076F624 = {
			isa = PBXGroup;
			children = (
				2F5916FD1BEFF1C10076F624 /* SampleCheckOfKnowledge */,
				2F5917121BEFF1C10076F624 /* SampleCheckOfKnowledgeTests */,
				2F59171D1BEFF1C10076F624 /* SampleCheckOfKnowledgeUITests */,
				2F5916FC1BEFF1C10076F624 /* Products */,
			);
			sourceTree = "<group>";
		};
		2F5916FC1BEFF1C10076F624 /* Products */ = {
			isa = PBXGroup;
			children = (
				2F5916FB1BEFF1C10076F624 /* SampleCheckOfKnowledge.app */,
				2F59170F1BEFF1C10076F624 /* SampleCheckOfKnowledgeTests.xctest */,
				2F59171A1BEFF1C10076F624 /* SampleCheckOfKnowledgeUITests.xctest */,
			);
			name = Products;
			sourceTree = "<group>";
		};
		2F5916FD1BEFF1C10076F624 /* SampleCheckOfKnowledge */ = {
			isa = PBXGroup;
			children = (
				2F5916FE1BEFF1C10076F624 /* AppDelegate.swift */,
				2F5917001BEFF1C10076F624 /* ViewController.swift */,
				2F5917021BEFF1C10076F624 /* Main.storyboard */,
				2F5917051BEFF1C10076F624 /* Assets.xcassets */,
				2F5917071BEFF1C10076F624 /* LaunchScreen.storyboard */,
				2F59170A1BEFF1C10076F624 /* Info.plist */,
			);
			path = SampleCheckOfKnowledge;
			sourceTree = "<group>";
		};
		2F5917121BEFF1C10076F624 /* SampleCheckOfKnowledgeTests */ = {
			isa = PBXGroup;
			children = (
				2F5917131BEFF1C10076F624 /* SampleCheckOfKnowledgeTests.swift */,
				2F5917151BEFF1C10076F624 /* Info.plist */,
			);
			path = SampleCheckOfKnowledgeTests;
			sourceTree = "<group>";
		};
		2F59171D1BEFF1C10076F624 /* SampleCheckOfKnowledgeUITests */ = {
			isa = PBXGroup;
			children = (
				2F59171E1BEFF1C10076F624 /* SampleCheckOfKnowledgeUITests.swift */,
				2F5917201BEFF1C10076F624 /* Info.plist */,
			);
			path = SampleCheckOfKnowledgeUITests;
			sourceTree = "<group>";
		};
/* End PBXGroup section */

/* Begin PBXNativeTarget section */
		2F5916FA1BEFF1C10076F624 /* SampleCheckOfKnowledge */ = {
			isa = PBXNativeTarget;
			buildConfigurationList = 2F5917231BEFF1C10076F624 /* Build configuration list for PBXNativeTarget "SampleCheckOfKnowledge" */;
			buildPhases = (
				2F5916F71BEFF1C10076F624 /* Sources */,
				2F5916F81BEFF1C10076F624 /* Frameworks */,
				2F5916F91BEFF1C10076F624 /* Resources */,
			);
			buildRules = (
			);
			dependencies = (
			);
			name = SampleCheckOfKnowledge;
			productName = SampleCheckOfKnowledge;
			productReference = 2F5916FB1BEFF1C10076F624 /* SampleCheckOfKnowledge.app */;
			productType = "com.apple.product-type.application";
		};
		2F59170E1BEFF1C10076F624 /* SampleCheckOfKnowledgeTests */ = {
			isa = PBXNativeTarget;
			buildConfigurationList = 2F5917261BEFF1C10076F624 /* Build configuration list for PBXNativeTarget "SampleCheckOfKnowledgeTests" */;
			buildPhases = (
				2F59170B1BEFF1C10076F624 /* Sources */,
				2F59170C1BEFF1C10076F624 /* Frameworks */,
				2F59170D1BEFF1C10076F624 /* Resources */,
			);
			buildRules = (
			);
			dependencies = (
				2F5917111BEFF1C10076F624 /* PBXTargetDependency */,
			);
			name = SampleCheckOfKnowledgeTests;
			productName = SampleCheckOfKnowledgeTests;
			productReference = 2F59170F1BEFF1C10076F624 /* SampleCheckOfKnowledgeTests.xctest */;
			productType = "com.apple.product-type.bundle.unit-test";
		};
		2F5917191BEFF1C10076F624 /* SampleCheckOfKnowledgeUITests */ = {
			isa = PBXNativeTarget;
			buildConfigurationList = 2F5917291BEFF1C10076F624 /* Build configuration list for PBXNativeTarget "SampleCheckOfKnowledgeUITests" */;
			buildPhases = (
				2F5917161BEFF1C10076F624 /* Sources */,
				2F5917171BEFF1C10076F624 /* Frameworks */,
				2F5917181BEFF1C10076F624 /* Resources */,
			);
			buildRules = (
			);
			dependencies = (
				2F59171C1BEFF1C10076F624 /* PBXTargetDependency */,
			);
			name = SampleCheckOfKnowledgeUITests;
			productName = SampleCheckOfKnowledgeUITests;
			productReference = 2F59171A1BEFF1C10076F624 /* SampleCheckOfKnowledgeUITests.xctest */;
			productType = "com.apple.product-type.bundle.ui-testing";
		};
/* End PBXNativeTarget section */

/* Begin PBXProject section */
		2F5916F31BEFF1C10076F624 /* Project object */ = {
			isa = PBXProject;
			attributes = {
				LastSwiftUpdateCheck = 0710;
				LastUpgradeCheck = 0710;
				ORGANIZATIONNAME = "Алексей Левинтов";
				TargetAttributes = {
					2F5916FA1BEFF1C10076F624 = {
						CreatedOnToolsVersion = 7.1;
					};
					2F59170E1BEFF1C10076F624 = {
						CreatedOnToolsVersion = 7.1;
						TestTargetID = 2F5916FA1BEFF1C10076F624;
					};
					2F5917191BEFF1C10076F624 = {
						CreatedOnToolsVersion = 7.1;
						TestTargetID = 2F5916FA1BEFF1C10076F624;
					};
				};
			};
			buildConfigurationList = 2F5916F61BEFF1C10076F624 /* Build configuration list for PBXProject "SampleCheckOfKnowledge" */;
			compatibilityVersion = "Xcode 3.2";
			developmentRegion = English;
			hasScannedForEncodings = 0;
			knownRegions = (
				en,
				Base,
			);
			mainGroup = 2F5916F21BEFF1C10076F624;
			productRefGroup = 2F5916FC1BEFF1C10076F624 /* Products */;
			projectDirPath = "";
			projectRoot = "";
			targets = (
				2F5916FA1BEFF1C10076F624 /* SampleCheckOfKnowledge */,
				2F59170E1BEFF1C10076F624 /* SampleCheckOfKnowledgeTests */,
				2F5917191BEFF1C10076F624 /* SampleCheckOfKnowledgeUITests */,
			);
		};
/* End PBXProject section */

/* Begin PBXResourcesBuildPhase section */
		2F5916F91BEFF1C10076F624 /* Resources */ = {
			isa = PBXResourcesBuildPhase;
			buildActionMask = 2147483647;
			files = (
				2F5917091BEFF1C10076F624 /* LaunchScreen.storyboard in Resources */,
				2F5917061BEFF1C10076F624 /* Assets.xcassets in Resources */,
				2F5917041BEFF1C10076F624 /* Main.storyboard in Resources */,
			);
			runOnlyForDeploymentPostprocessing = 0;
		};
		2F59170D1BEFF1C10076F624 /* Resources */ = {
			isa = PBXResourcesBuildPhase;
			buildActionMask = 2147483647;
			files = (
			);
			runOnlyForDeploymentPostprocessing = 0;
		};
		2F5917181BEFF1C10076F624 /* Resources */ = {
			isa = PBXResourcesBuildPhase;
			buildActionMask = 2147483647;
			files = (
			);
			runOnlyForDeploymentPostprocessing = 0;
		};
/* End PBXResourcesBuildPhase section */

/* Begin PBXSourcesBuildPhase section */
		2F5916F71BEFF1C10076F624 /* Sources */ = {
			isa = PBXSourcesBuildPhase;
			buildActionMask = 2147483647;
			files = (
				2F5917011BEFF1C10076F624 /* ViewController.swift in Sources */,
				2F5916FF1BEFF1C10076F624 /* AppDelegate.swift in Sources */,
			);
			runOnlyForDeploymentPostprocessing = 0;
		};
		2F59170B1BEFF1C10076F624 /* Sources */ = {
			isa = PBXSourcesBuildPhase;
			buildActionMask = 2147483647;
			files = (
				2F5917141BEFF1C10076F624 /* SampleCheckOfKnowledgeTests.swift in Sources */,
			);
			runOnlyForDeploymentPostprocessing = 0;
		};
		2F5917161BEFF1C10076F624 /* Sources */ = {
			isa = PBXSourcesBuildPhase;
			buildActionMask = 2147483647;
			files = (
				2F59171F1BEFF1C10076F624 /* SampleCheckOfKnowledgeUITests.swift in Sources */,
			);
			runOnlyForDeploymentPostprocessing = 0;
		};
/* End PBXSourcesBuildPhase section */

/* Begin PBXTargetDependency section */
		2F5917111BEFF1C10076F624 /* PBXTargetDependency */ = {
			isa = PBXTargetDependency;
			target = 2F5916FA1BEFF1C10076F624 /* SampleCheckOfKnowledge */;
			targetProxy = 2F5917101BEFF1C10076F624 /* PBXContainerItemProxy */;
		};
		2F59171C1BEFF1C10076F624 /* PBXTargetDependency */ = {
			isa = PBXTargetDependency;
			target = 2F5916FA1BEFF1C10076F624 /* SampleCheckOfKnowledge */;
			targetProxy = 2F59171B1BEFF1C10076F624 /* PBXContainerItemProxy */;
		};
/* End PBXTargetDependency section */

/* Begin PBXVariantGroup section */
		2F5917021BEFF1C10076F624 /* Main.storyboard */ = {
			isa = PBXVariantGroup;
			children = (
				2F5917031BEFF1C10076F624 /* Base */,
			);
			name = Main.storyboard;
			sourceTree = "<group>";
		};
		2F5917071BEFF1C10076F624 /* LaunchScreen.storyboard */ = {
			isa = PBXVariantGroup;
			children = (
				2F5917081BEFF1C10076F624 /* Base */,
			);
			name = LaunchScreen.storyboard;
			sourceTree = "<group>";
		};
/* End PBXVariantGroup section */

/* Begin XCBuildConfiguration section */
		2F5917211BEFF1C10076F624 /* Debug */ = {
			isa = XCBuildConfiguration;
			buildSettings = {
				ALWAYS_SEARCH_USER_PATHS = NO;
				CLANG_CXX_LANGUAGE_STANDARD = "gnu++0x";
				CLANG_CXX_LIBRARY = "libc++";
				CLANG_ENABLE_MODULES = YES;
				CLANG_ENABLE_OBJC_ARC = YES;
				CLANG_WARN_BOOL_CONVERSION = YES;
				CLANG_WARN_CONSTANT_CONVERSION = YES;
				CLANG_WARN_DIRECT_OBJC_ISA_USAGE = YES_ERROR;
				CLANG_WARN_EMPTY_BODY = YES;
				CLANG_WARN_ENUM_CONVERSION = YES;
				CLANG_WARN_INT_CONVERSION = YES;
				CLANG_WARN_OBJC_ROOT_CLASS = YES_ERROR;
				CLANG_WARN_UNREACHABLE_CODE = YES;
				CLANG_WARN__DUPLICATE_METHOD_MATCH = YES;
				"CODE_SIGN_IDENTITY[sdk=iphoneos*]" = "iPhone Developer";
				COPY_PHASE_STRIP = NO;
				DEBUG_INFORMATION_FORMAT = dwarf;
				ENABLE_STRICT_OBJC_MSGSEND = YES;
				ENABLE_TESTABILITY = YES;
				GCC_C_LANGUAGE_STANDARD = gnu99;
				GCC_DYNAMIC_NO_PIC = NO;
				GCC_NO_COMMON_BLOCKS = YES;
				GCC_OPTIMIZATION_LEVEL = 0;
				GCC_PREPROCESSOR_DEFINITIONS = (
					"DEBUG=1",
					"$(inherited)",
				);
				GCC_WARN_64_TO_32_BIT_CONVERSION = YES;
				GCC_WARN_ABOUT_RETURN_TYPE = YES_ERROR;
				GCC_WARN_UNDECLARED_SELECTOR = YES;
				GCC_WARN_UNINITIALIZED_AUTOS = YES_AGGRESSIVE;
				GCC_WARN_UNUSED_FUNCTION = YES;
				GCC_WARN_UNUSED_VARIABLE = YES;
				IPHONEOS_DEPLOYMENT_TARGET = 9.1;
				MTL_ENABLE_DEBUG_INFO = YES;
				ONLY_ACTIVE_ARCH = YES;
				SDKROOT = iphoneos;
				SWIFT_OPTIMIZATION_LEVEL = "-Onone";
				TARGETED_DEVICE_FAMILY = "1,2";
			};
			name = Debug;
		};
		2F5917221BEFF1C10076F624 /* Release */ = {
			isa = XCBuildConfiguration;
			buildSettings = {
				ALWAYS_SEARCH_USER_PATHS = NO;
				CLANG_CXX_LANGUAGE_STANDARD = "gnu++0x";
				CLANG_CXX_LIBRARY = "libc++";
				CLANG_ENABLE_MODULES = YES;
				CLANG_ENABLE_OBJC_ARC = YES;
				CLANG_WARN_BOOL_CONVERSION = YES;
				CLANG_WARN_CONSTANT_CONVERSION = YES;
				CLANG_WARN_DIRECT_OBJC_ISA_USAGE = YES_ERROR;
				CLANG_WARN_EMPTY_BODY = YES;
				CLANG_WARN_ENUM_CONVERSION = YES;
				CLANG_WARN_INT_CONVERSION = YES;
				CLANG_WARN_OBJC_ROOT_CLASS = YES_ERROR;
				CLANG_WARN_UNREACHABLE_CODE = YES;
				CLANG_WARN__DUPLICATE_METHOD_MATCH = YES;
				"CODE_SIGN_IDENTITY[sdk=iphoneos*]" = "iPhone Developer";
				COPY_PHASE_STRIP = NO;
				DEBUG_INFORMATION_FORMAT = "dwarf-with-dsym";
				ENABLE_NS_ASSERTIONS = NO;
				ENABLE_STRICT_OBJC_MSGSEND = YES;
				GCC_C_LANGUAGE_STANDARD = gnu99;
				GCC_NO_COMMON_BLOCKS = YES;
				GCC_WARN_64_TO_32_BIT_CONVERSION = YES;
				GCC_WARN_ABOUT_RETURN_TYPE = YES_ERROR;
				GCC_WARN_UNDECLARED_SELECTOR = YES;
				GCC_WARN_UNINITIALIZED_AUTOS = YES_AGGRESSIVE;
				GCC_WARN_UNUSED_FUNCTION = YES;
				GCC_WARN_UNUSED_VARIABLE = YES;
				IPHONEOS_DEPLOYMENT_TARGET = 9.1;
				MTL_ENABLE_DEBUG_INFO = NO;
				SDKROOT = iphoneos;
				TARGETED_DEVICE_FAMILY = "1,2";
				VALIDATE_PRODUCT = YES;
			};
			name = Release;
		};
		2F5917241BEFF1C10076F624 /* Debug */ = {
			isa = XCBuildConfiguration;
			buildSettings = {
				ASSETCATALOG_COMPILER_APPICON_NAME = AppIcon;
				INFOPLIST_FILE = SampleCheckOfKnowledge/Info.plist;
				LD_RUNPATH_SEARCH_PATHS = "$(inherited) @executable_path/Frameworks";
				PRODUCT_BUNDLE_IDENTIFIER = LAV.SampleCheckOfKnowledge;
				PRODUCT_NAME = "$(TARGET_NAME)";
			};
			name = Debug;
		};
		2F5917251BEFF1C10076F624 /* Release */ = {
			isa = XCBuildConfiguration;
			buildSettings = {
				ASSETCATALOG_COMPILER_APPICON_NAME = AppIcon;
				INFOPLIST_FILE = SampleCheckOfKnowledge/Info.plist;
				LD_RUNPATH_SEARCH_PATHS = "$(inherited) @executable_path/Frameworks";
				PRODUCT_BUNDLE_IDENTIFIER = LAV.SampleCheckOfKnowledge;
				PRODUCT_NAME = "$(TARGET_NAME)";
			};
			name = Release;
		};
		2F5917271BEFF1C10076F624 /* Debug */ = {
			isa = XCBuildConfiguration;
			buildSettings = {
				BUNDLE_LOADER = "$(TEST_HOST)";
				INFOPLIST_FILE = SampleCheckOfKnowledgeTests/Info.plist;
				LD_RUNPATH_SEARCH_PATHS = "$(inherited) @executable_path/Frameworks @loader_path/Frameworks";
				PRODUCT_BUNDLE_IDENTIFIER = LAV.SampleCheckOfKnowledgeTests;
				PRODUCT_NAME = "$(TARGET_NAME)";
				TEST_HOST = "$(BUILT_PRODUCTS_DIR)/SampleCheckOfKnowledge.app/SampleCheckOfKnowledge";
			};
			name = Debug;
		};
		2F5917281BEFF1C10076F624 /* Release */ = {
			isa = XCBuildConfiguration;
			buildSettings = {
				BUNDLE_LOADER = "$(TEST_HOST)";
				INFOPLIST_FILE = SampleCheckOfKnowledgeTests/Info.plist;
				LD_RUNPATH_SEARCH_PATHS = "$(inherited) @executable_path/Frameworks @loader_path/Frameworks";
				PRODUCT_BUNDLE_IDENTIFIER = LAV.SampleCheckOfKnowledgeTests;
				PRODUCT_NAME = "$(TARGET_NAME)";
				TEST_HOST = "$(BUILT_PRODUCTS_DIR)/SampleCheckOfKnowledge.app/SampleCheckOfKnowledge";
			};
			name = Release;
		};
		2F59172A1BEFF1C10076F624 /* Debug */ = {
			isa = XCBuildConfiguration;
			buildSettings = {
				INFOPLIST_FILE = SampleCheckOfKnowledgeUITests/Info.plist;
				LD_RUNPATH_SEARCH_PATHS = "$(inherited) @executable_path/Frameworks @loader_path/Frameworks";
				PRODUCT_BUNDLE_IDENTIFIER = LAV.SampleCheckOfKnowledgeUITests;
				PRODUCT_NAME = "$(TARGET_NAME)";
				TEST_TARGET_NAME = SampleCheckOfKnowledge;
				USES_XCTRUNNER = YES;
			};
			name = Debug;
		};
		2F59172B1BEFF1C10076F624 /* Release */ = {
			isa = XCBuildConfiguration;
			buildSettings = {
				INFOPLIST_FILE = SampleCheckOfKnowledgeUITests/Info.plist;
				LD_RUNPATH_SEARCH_PATHS = "$(inherited) @executable_path/Frameworks @loader_path/Frameworks";
				PRODUCT_BUNDLE_IDENTIFIER = LAV.SampleCheckOfKnowledgeUITests;
				PRODUCT_NAME = "$(TARGET_NAME)";
				TEST_TARGET_NAME = SampleCheckOfKnowledge;
				USES_XCTRUNNER = YES;
			};
			name = Release;
		};
/* End XCBuildConfiguration section */

/* Begin XCConfigurationList section */
		2F5916F61BEFF1C10076F624 /* Build configuration list for PBXProject "SampleCheckOfKnowledge" */ = {
			isa = XCConfigurationList;
			buildConfigurations = (
				2F5917211BEFF1C10076F624 /* Debug */,
				2F5917221BEFF1C10076F624 /* Release */,
			);
			defaultConfigurationIsVisible = 0;
			defaultConfigurationName = Release;
		};
		2F5917231BEFF1C10076F624 /* Build configuration list for PBXNativeTarget "SampleCheckOfKnowledge" */ = {
			isa = XCConfigurationList;
			buildConfigurations = (
				2F5917241BEFF1C10076F624 /* Debug */,
				2F5917251BEFF1C10076F624 /* Release */,
			);
			defaultConfigurationIsVisible = 0;
		};
		2F5917261BEFF1C10076F624 /* Build configuration list for PBXNativeTarget "SampleCheckOfKnowledgeTests" */ = {
			isa = XCConfigurationList;
			buildConfigurations = (
				2F5917271BEFF1C10076F624 /* Debug */,
				2F5917281BEFF1C10076F624 /* Release */,
			);
			defaultConfigurationIsVisible = 0;
		};
		2F5917291BEFF1C10076F624 /* Build configuration list for PBXNativeTarget "SampleCheckOfKnowledgeUITests" */ = {
			isa = XCConfigurationList;
			buildConfigurations = (
				2F59172A1BEFF1C10076F624 /* Debug */,
				2F59172B1BEFF1C10076F624 /* Release */,
			);
			defaultConfigurationIsVisible = 0;
		};
/* End XCConfigurationList section */
	};
	rootObject = 2F5916F31BEFF1C10076F624 /* Project object */;
}
